{
  "object": {
    "pins": [
      {
        "package": "Harbeth",
        "repositoryURL": "https://github.com/yangKJ/Harbeth.git",
        "state": {
          "branch": null,
          "revision": "03b214c2f8d0c1c26a4fdd99853d485aa61a7154",
          "version": "0.6.5"
        }
      }
    ]
  },
  "version": 1
}
