{
  "object": {
    "pins": [
      {
        "package": "Harbeth",
        "repositoryURL": "https://github.com/yangKJ/Harbeth.git",
        "state": {
          "branch": null,
          "revision": "71c2c964500bb4fdc19802f86dd7c7b753704306",
          "version": "0.6.8"
        }
      },
      {
        "package": "Lemons",
        "repositoryURL": "https://github.com/yangKJ/Lemons.git",
        "state": {
          "branch": null,
          "revision": "6b181de7f263c7046024aa7976ab7dd910cd2d47",
          "version": "0.0.7"
        }
      }
    ]
  },
  "version": 1
}
