PODS:
  - CacheX (1.1.1)
  - Harbeth (1.2.0):
    - Harbeth/Basic (= 1.2.0)
    - Harbeth/Compute (= 1.2.0)
    - Harbeth/CoreImage (= 1.2.0)
    - Harbeth/MPS (= 1.2.0)
    - Harbeth/SwiftUI (= 1.2.0)
  - Harbeth/Basic (1.2.0)
  - Harbeth/Compute (1.2.0):
    - Harbeth/Basic
  - Harbeth/CoreImage (1.2.0):
    - Harbeth/Basic
  - Harbeth/MPS (1.2.0):
    - Harbeth/Basic
  - Harbeth/SwiftUI (1.2.0):
    - Harbeth/Basic
  - ImageX (1.1.6):
    - CacheX
    - Harbeth

DEPENDENCIES:
  - ImageX (from `./`)

SPEC REPOS:
  https://github.com/CocoaPods/Specs.git:
    - CacheX
    - Harbeth

EXTERNAL SOURCES:
  ImageX:
    :path: "./"

SPEC CHECKSUMS:
  CacheX: 9665503a86f9e38b3eb0c4ab14251649a79d292d
  Harbeth: 73d704e1edda98db65b80d1cb35b23fff79f6c70
  ImageX: c72d6097ef2b6ba3761192a134487c762770f64e

PODFILE CHECKSUM: 5d5c489485ce6b986d2df63e6929946aa0037f28

COCOAPODS: 1.15.2
