PODS:
  - Harbeth (0.6.5):
    - Harbeth/Basic (= 0.6.5)
    - Harbeth/Collector (= 0.6.5)
    - Harbeth/Compute (= 0.6.5)
    - Harbeth/CoreImage (= 0.6.5)
  - Harbeth/Basic (0.6.5)
  - Harbeth/Collector (0.6.5):
    - Harbeth/Basic
  - Harbeth/Compute (0.6.5):
    - Harbeth/Basic
  - Harbeth/CoreImage (0.6.5):
    - Harbeth/Basic
  - Wintersweet (0.0.6):
    - Harbeth

DEPENDENCIES:
  - Wintersweet (from `../`)

SPEC REPOS:
  trunk:
    - Harbeth

EXTERNAL SOURCES:
  Wintersweet:
    :path: "../"

SPEC CHECKSUMS:
  Harbeth: cdb986a68c5c67d2f29b80c6b107006c1bf54bef
  Wintersweet: ace5dca474ec7e9562c03c2f7ad3dbe7f45824cc

PODFILE CHECKSUM: e320ae5ec63cde42a2ca7456d2b7d222cf9621e9

COCOAPODS: 1.11.3
