PODS:
  - Harbeth (0.6.1):
    - Harbeth/Basic (= 0.6.1)
    - Harbeth/Collector (= 0.6.1)
    - Harbeth/Compute (= 0.6.1)
    - Harbeth/CoreImage (= 0.6.1)
  - Harbeth/Basic (0.6.1)
  - Harbeth/Collector (0.6.1):
    - Harbeth/Basic
  - Harbeth/Compute (0.6.1):
    - Harbeth/Basic
  - Harbeth/CoreImage (0.6.1):
    - Harbeth/Basic
  - Wintersweet (0.0.2):
    - Harbeth

DEPENDENCIES:
  - Wintersweet (from `../`)

SPEC REPOS:
  trunk:
    - Harbeth

EXTERNAL SOURCES:
  Wintersweet:
    :path: "../"

SPEC CHECKSUMS:
  Harbeth: 38f2ab952a00dc4427dc890668335e3591ecc393
  Wintersweet: 431f3dec774dc9746a8cc88d51dce9af219bf5bf

PODFILE CHECKSUM: 2255f9796ecbc17c7b04dc36fded3b835eabd89d

COCOAPODS: 1.11.3
