// !$*UTF8*$!
{
	archiveVersion = 1;
	classes = {
	};
	objectVersion = 56;
	objects = {

/* Begin PBXBuildFile section */
		599CDAE255B93E60E36E5B5F /* Pods_DepthMacDemo.framework in Frameworks */ = {isa = PBXBuildFile; fileRef = 5911509842537A3A3899594F /* Pods_DepthMacDemo.framework */; };
		8722507F296FFFD8007E35D5 /* NSViewController+Ext.swift in Sources */ = {isa = PBXBuildFile; fileRef = 8722507E296FFFD8007E35D5 /* NSViewController+Ext.swift */; };
		873DC48C296FE8450066EC92 /* DragDestinationView.swift in Sources */ = {isa = PBXBuildFile; fileRef = 873DC48B296FE8450066EC92 /* DragDestinationView.swift */; };
		8746B71929681AF100477A32 /* AppDelegate.swift in Sources */ = {isa = PBXBuildFile; fileRef = 8746B71829681AF100477A32 /* AppDelegate.swift */; };
		8746B71B29681AF100477A32 /* ViewController.swift in Sources */ = {isa = PBXBuildFile; fileRef = 8746B71A29681AF100477A32 /* ViewController.swift */; };
		8746B71D29681AF200477A32 /* Assets.xcassets in Resources */ = {isa = PBXBuildFile; fileRef = 8746B71C29681AF200477A32 /* Assets.xcassets */; };
		8746B72029681AF200477A32 /* Main.storyboard in Resources */ = {isa = PBXBuildFile; fileRef = 8746B71E29681AF200477A32 /* Main.storyboard */; };
/* End PBXBuildFile section */

/* Begin PBXFileReference section */
		21215A30D05BF65A2B024CBE /* Pods-DepthMacDemo.release.xcconfig */ = {isa = PBXFileReference; includeInIndex = 1; lastKnownFileType = text.xcconfig; name = "Pods-DepthMacDemo.release.xcconfig"; path = "Target Support Files/Pods-DepthMacDemo/Pods-DepthMacDemo.release.xcconfig"; sourceTree = "<group>"; };
		5911509842537A3A3899594F /* Pods_DepthMacDemo.framework */ = {isa = PBXFileReference; explicitFileType = wrapper.framework; includeInIndex = 0; path = Pods_DepthMacDemo.framework; sourceTree = BUILT_PRODUCTS_DIR; };
		8722507E296FFFD8007E35D5 /* NSViewController+Ext.swift */ = {isa = PBXFileReference; lastKnownFileType = sourcecode.swift; path = "NSViewController+Ext.swift"; sourceTree = "<group>"; };
		873DC48B296FE8450066EC92 /* DragDestinationView.swift */ = {isa = PBXFileReference; lastKnownFileType = sourcecode.swift; path = DragDestinationView.swift; sourceTree = "<group>"; };
		8746B71529681AF100477A32 /* DepthMacDemo.app */ = {isa = PBXFileReference; explicitFileType = wrapper.application; includeInIndex = 0; path = DepthMacDemo.app; sourceTree = BUILT_PRODUCTS_DIR; };
		8746B71829681AF100477A32 /* AppDelegate.swift */ = {isa = PBXFileReference; lastKnownFileType = sourcecode.swift; path = AppDelegate.swift; sourceTree = "<group>"; };
		8746B71A29681AF100477A32 /* ViewController.swift */ = {isa = PBXFileReference; lastKnownFileType = sourcecode.swift; path = ViewController.swift; sourceTree = "<group>"; };
		8746B71C29681AF200477A32 /* Assets.xcassets */ = {isa = PBXFileReference; lastKnownFileType = folder.assetcatalog; path = Assets.xcassets; sourceTree = "<group>"; };
		8746B71F29681AF200477A32 /* Base */ = {isa = PBXFileReference; lastKnownFileType = file.storyboard; name = Base; path = Base.lproj/Main.storyboard; sourceTree = "<group>"; };
		8746B72129681AF200477A32 /* DepthMacDemo.entitlements */ = {isa = PBXFileReference; lastKnownFileType = text.plist.entitlements; path = DepthMacDemo.entitlements; sourceTree = "<group>"; };
		AAF339A3244A9A49B8DABEB6 /* Pods-DepthMacDemo.debug.xcconfig */ = {isa = PBXFileReference; includeInIndex = 1; lastKnownFileType = text.xcconfig; name = "Pods-DepthMacDemo.debug.xcconfig"; path = "Target Support Files/Pods-DepthMacDemo/Pods-DepthMacDemo.debug.xcconfig"; sourceTree = "<group>"; };
/* End PBXFileReference section */

/* Begin PBXFrameworksBuildPhase section */
		8746B71229681AF100477A32 /* Frameworks */ = {
			isa = PBXFrameworksBuildPhase;
			buildActionMask = 2147483647;
			files = (
				599CDAE255B93E60E36E5B5F /* Pods_DepthMacDemo.framework in Frameworks */,
			);
			runOnlyForDeploymentPostprocessing = 0;
		};
/* End PBXFrameworksBuildPhase section */

/* Begin PBXGroup section */
		66B2D5DD465A1DA751FCE4CC /* Pods */ = {
			isa = PBXGroup;
			children = (
				AAF339A3244A9A49B8DABEB6 /* Pods-DepthMacDemo.debug.xcconfig */,
				21215A30D05BF65A2B024CBE /* Pods-DepthMacDemo.release.xcconfig */,
			);
			path = Pods;
			sourceTree = "<group>";
		};
		8746B70C29681AF100477A32 = {
			isa = PBXGroup;
			children = (
				8746B71729681AF100477A32 /* DepthMacDemo */,
				8746B71629681AF100477A32 /* Products */,
				66B2D5DD465A1DA751FCE4CC /* Pods */,
				FB72542E1AA76615BD3CF136 /* Frameworks */,
			);
			sourceTree = "<group>";
		};
		8746B71629681AF100477A32 /* Products */ = {
			isa = PBXGroup;
			children = (
				8746B71529681AF100477A32 /* DepthMacDemo.app */,
			);
			name = Products;
			sourceTree = "<group>";
		};
		8746B71729681AF100477A32 /* DepthMacDemo */ = {
			isa = PBXGroup;
			children = (
				8746B71829681AF100477A32 /* AppDelegate.swift */,
				8746B71A29681AF100477A32 /* ViewController.swift */,
				873DC48B296FE8450066EC92 /* DragDestinationView.swift */,
				8722507E296FFFD8007E35D5 /* NSViewController+Ext.swift */,
				8746B71C29681AF200477A32 /* Assets.xcassets */,
				8746B71E29681AF200477A32 /* Main.storyboard */,
				8746B72129681AF200477A32 /* DepthMacDemo.entitlements */,
			);
			path = DepthMacDemo;
			sourceTree = "<group>";
		};
		FB72542E1AA76615BD3CF136 /* Frameworks */ = {
			isa = PBXGroup;
			children = (
				5911509842537A3A3899594F /* Pods_DepthMacDemo.framework */,
			);
			name = Frameworks;
			sourceTree = "<group>";
		};
/* End PBXGroup section */

/* Begin PBXNativeTarget section */
		8746B71429681AF100477A32 /* DepthMacDemo */ = {
			isa = PBXNativeTarget;
			buildConfigurationList = 8746B72429681AF200477A32 /* Build configuration list for PBXNativeTarget "DepthMacDemo" */;
			buildPhases = (
				B71076C37DABF1C74F5CE9AD /* [CP] Check Pods Manifest.lock */,
				8746B71129681AF100477A32 /* Sources */,
				8746B71229681AF100477A32 /* Frameworks */,
				8746B71329681AF100477A32 /* Resources */,
				DD5EFA80CE36D6EED7741D67 /* [CP] Copy Pods Resources */,
			);
			buildRules = (
			);
			dependencies = (
			);
			name = DepthMacDemo;
			productName = GIFMac;
			productReference = 8746B71529681AF100477A32 /* DepthMacDemo.app */;
			productType = "com.apple.product-type.application";
		};
/* End PBXNativeTarget section */

/* Begin PBXProject section */
		8746B70D29681AF100477A32 /* Project object */ = {
			isa = PBXProject;
			attributes = {
				BuildIndependentTargetsInParallel = 1;
				LastSwiftUpdateCheck = 1410;
				LastUpgradeCheck = 1410;
				TargetAttributes = {
					8746B71429681AF100477A32 = {
						CreatedOnToolsVersion = 14.1;
					};
				};
			};
			buildConfigurationList = 8746B71029681AF100477A32 /* Build configuration list for PBXProject "DepthMacDemo" */;
			compatibilityVersion = "Xcode 14.0";
			developmentRegion = en;
			hasScannedForEncodings = 0;
			knownRegions = (
				en,
				Base,
			);
			mainGroup = 8746B70C29681AF100477A32;
			productRefGroup = 8746B71629681AF100477A32 /* Products */;
			projectDirPath = "";
			projectRoot = "";
			targets = (
				8746B71429681AF100477A32 /* DepthMacDemo */,
			);
		};
/* End PBXProject section */

/* Begin PBXResourcesBuildPhase section */
		8746B71329681AF100477A32 /* Resources */ = {
			isa = PBXResourcesBuildPhase;
			buildActionMask = 2147483647;
			files = (
				8746B71D29681AF200477A32 /* Assets.xcassets in Resources */,
				8746B72029681AF200477A32 /* Main.storyboard in Resources */,
			);
			runOnlyForDeploymentPostprocessing = 0;
		};
/* End PBXResourcesBuildPhase section */

/* Begin PBXShellScriptBuildPhase section */
		B71076C37DABF1C74F5CE9AD /* [CP] Check Pods Manifest.lock */ = {
			isa = PBXShellScriptBuildPhase;
			buildActionMask = 2147483647;
			files = (
			);
			inputFileListPaths = (
			);
			inputPaths = (
				"${PODS_PODFILE_DIR_PATH}/Podfile.lock",
				"${PODS_ROOT}/Manifest.lock",
			);
			name = "[CP] Check Pods Manifest.lock";
			outputFileListPaths = (
			);
			outputPaths = (
				"$(DERIVED_FILE_DIR)/Pods-DepthMacDemo-checkManifestLockResult.txt",
			);
			runOnlyForDeploymentPostprocessing = 0;
			shellPath = /bin/sh;
			shellScript = "diff \"${PODS_PODFILE_DIR_PATH}/Podfile.lock\" \"${PODS_ROOT}/Manifest.lock\" > /dev/null\nif [ $? != 0 ] ; then\n    # print error to STDERR\n    echo \"error: The sandbox is not in sync with the Podfile.lock. Run 'pod install' or update your CocoaPods installation.\" >&2\n    exit 1\nfi\n# This output is used by Xcode 'outputs' to avoid re-running this script phase.\necho \"SUCCESS\" > \"${SCRIPT_OUTPUT_FILE_0}\"\n";
			showEnvVarsInLog = 0;
		};
		DD5EFA80CE36D6EED7741D67 /* [CP] Copy Pods Resources */ = {
			isa = PBXShellScriptBuildPhase;
			buildActionMask = 2147483647;
			files = (
			);
			inputFileListPaths = (
				"${PODS_ROOT}/Target Support Files/Pods-DepthMacDemo/Pods-DepthMacDemo-resources-${CONFIGURATION}-input-files.xcfilelist",
			);
			name = "[CP] Copy Pods Resources";
			outputFileListPaths = (
				"${PODS_ROOT}/Target Support Files/Pods-DepthMacDemo/Pods-DepthMacDemo-resources-${CONFIGURATION}-output-files.xcfilelist",
			);
			runOnlyForDeploymentPostprocessing = 0;
			shellPath = /bin/sh;
			shellScript = "\"${PODS_ROOT}/Target Support Files/Pods-DepthMacDemo/Pods-DepthMacDemo-resources.sh\"\n";
			showEnvVarsInLog = 0;
		};
/* End PBXShellScriptBuildPhase section */

/* Begin PBXSourcesBuildPhase section */
		8746B71129681AF100477A32 /* Sources */ = {
			isa = PBXSourcesBuildPhase;
			buildActionMask = 2147483647;
			files = (
				8746B71B29681AF100477A32 /* ViewController.swift in Sources */,
				873DC48C296FE8450066EC92 /* DragDestinationView.swift in Sources */,
				8746B71929681AF100477A32 /* AppDelegate.swift in Sources */,
				8722507F296FFFD8007E35D5 /* NSViewController+Ext.swift in Sources */,
			);
			runOnlyForDeploymentPostprocessing = 0;
		};
/* End PBXSourcesBuildPhase section */

/* Begin PBXVariantGroup section */
		8746B71E29681AF200477A32 /* Main.storyboard */ = {
			isa = PBXVariantGroup;
			children = (
				8746B71F29681AF200477A32 /* Base */,
			);
			name = Main.storyboard;
			sourceTree = "<group>";
		};
/* End PBXVariantGroup section */

/* Begin XCBuildConfiguration section */
		8746B72229681AF200477A32 /* Debug */ = {
			isa = XCBuildConfiguration;
			buildSettings = {
				ALWAYS_SEARCH_USER_PATHS = NO;
				CLANG_ANALYZER_NONNULL = YES;
				CLANG_ANALYZER_NUMBER_OBJECT_CONVERSION = YES_AGGRESSIVE;
				CLANG_CXX_LANGUAGE_STANDARD = "gnu++20";
				CLANG_ENABLE_MODULES = YES;
				CLANG_ENABLE_OBJC_ARC = YES;
				CLANG_ENABLE_OBJC_WEAK = YES;
				CLANG_WARN_BLOCK_CAPTURE_AUTORELEASING = YES;
				CLANG_WARN_BOOL_CONVERSION = YES;
				CLANG_WARN_COMMA = YES;
				CLANG_WARN_CONSTANT_CONVERSION = YES;
				CLANG_WARN_DEPRECATED_OBJC_IMPLEMENTATIONS = YES;
				CLANG_WARN_DIRECT_OBJC_ISA_USAGE = YES_ERROR;
				CLANG_WARN_DOCUMENTATION_COMMENTS = YES;
				CLANG_WARN_EMPTY_BODY = YES;
				CLANG_WARN_ENUM_CONVERSION = YES;
				CLANG_WARN_INFINITE_RECURSION = YES;
				CLANG_WARN_INT_CONVERSION = YES;
				CLANG_WARN_NON_LITERAL_NULL_CONVERSION = YES;
				CLANG_WARN_OBJC_IMPLICIT_RETAIN_SELF = YES;
				CLANG_WARN_OBJC_LITERAL_CONVERSION = YES;
				CLANG_WARN_OBJC_ROOT_CLASS = YES_ERROR;
				CLANG_WARN_QUOTED_INCLUDE_IN_FRAMEWORK_HEADER = YES;
				CLANG_WARN_RANGE_LOOP_ANALYSIS = YES;
				CLANG_WARN_STRICT_PROTOTYPES = YES;
				CLANG_WARN_SUSPICIOUS_MOVE = YES;
				CLANG_WARN_UNGUARDED_AVAILABILITY = YES_AGGRESSIVE;
				CLANG_WARN_UNREACHABLE_CODE = YES;
				CLANG_WARN__DUPLICATE_METHOD_MATCH = YES;
				COPY_PHASE_STRIP = NO;
				DEBUG_INFORMATION_FORMAT = dwarf;
				ENABLE_STRICT_OBJC_MSGSEND = YES;
				ENABLE_TESTABILITY = YES;
				GCC_C_LANGUAGE_STANDARD = gnu11;
				GCC_DYNAMIC_NO_PIC = NO;
				GCC_NO_COMMON_BLOCKS = YES;
				GCC_OPTIMIZATION_LEVEL = 0;
				GCC_PREPROCESSOR_DEFINITIONS = (
					"DEBUG=1",
					"$(inherited)",
				);
				GCC_WARN_64_TO_32_BIT_CONVERSION = YES;
				GCC_WARN_ABOUT_RETURN_TYPE = YES_ERROR;
				GCC_WARN_UNDECLARED_SELECTOR = YES;
				GCC_WARN_UNINITIALIZED_AUTOS = YES_AGGRESSIVE;
				GCC_WARN_UNUSED_FUNCTION = YES;
				GCC_WARN_UNUSED_VARIABLE = YES;
				MACOSX_DEPLOYMENT_TARGET = 12.5;
				MTL_ENABLE_DEBUG_INFO = INCLUDE_SOURCE;
				MTL_FAST_MATH = YES;
				ONLY_ACTIVE_ARCH = YES;
				SDKROOT = macosx;
				SWIFT_ACTIVE_COMPILATION_CONDITIONS = DEBUG;
				SWIFT_OPTIMIZATION_LEVEL = "-Onone";
			};
			name = Debug;
		};
		8746B72329681AF200477A32 /* Release */ = {
			isa = XCBuildConfiguration;
			buildSettings = {
				ALWAYS_SEARCH_USER_PATHS = NO;
				CLANG_ANALYZER_NONNULL = YES;
				CLANG_ANALYZER_NUMBER_OBJECT_CONVERSION = YES_AGGRESSIVE;
				CLANG_CXX_LANGUAGE_STANDARD = "gnu++20";
				CLANG_ENABLE_MODULES = YES;
				CLANG_ENABLE_OBJC_ARC = YES;
				CLANG_ENABLE_OBJC_WEAK = YES;
				CLANG_WARN_BLOCK_CAPTURE_AUTORELEASING = YES;
				CLANG_WARN_BOOL_CONVERSION = YES;
				CLANG_WARN_COMMA = YES;
				CLANG_WARN_CONSTANT_CONVERSION = YES;
				CLANG_WARN_DEPRECATED_OBJC_IMPLEMENTATIONS = YES;
				CLANG_WARN_DIRECT_OBJC_ISA_USAGE = YES_ERROR;
				CLANG_WARN_DOCUMENTATION_COMMENTS = YES;
				CLANG_WARN_EMPTY_BODY = YES;
				CLANG_WARN_ENUM_CONVERSION = YES;
				CLANG_WARN_INFINITE_RECURSION = YES;
				CLANG_WARN_INT_CONVERSION = YES;
				CLANG_WARN_NON_LITERAL_NULL_CONVERSION = YES;
				CLANG_WARN_OBJC_IMPLICIT_RETAIN_SELF = YES;
				CLANG_WARN_OBJC_LITERAL_CONVERSION = YES;
				CLANG_WARN_OBJC_ROOT_CLASS = YES_ERROR;
				CLANG_WARN_QUOTED_INCLUDE_IN_FRAMEWORK_HEADER = YES;
				CLANG_WARN_RANGE_LOOP_ANALYSIS = YES;
				CLANG_WARN_STRICT_PROTOTYPES = YES;
				CLANG_WARN_SUSPICIOUS_MOVE = YES;
				CLANG_WARN_UNGUARDED_AVAILABILITY = YES_AGGRESSIVE;
				CLANG_WARN_UNREACHABLE_CODE = YES;
				CLANG_WARN__DUPLICATE_METHOD_MATCH = YES;
				COPY_PHASE_STRIP = NO;
				DEBUG_INFORMATION_FORMAT = "dwarf-with-dsym";
				ENABLE_NS_ASSERTIONS = NO;
				ENABLE_STRICT_OBJC_MSGSEND = YES;
				GCC_C_LANGUAGE_STANDARD = gnu11;
				GCC_NO_COMMON_BLOCKS = YES;
				GCC_WARN_64_TO_32_BIT_CONVERSION = YES;
				GCC_WARN_ABOUT_RETURN_TYPE = YES_ERROR;
				GCC_WARN_UNDECLARED_SELECTOR = YES;
				GCC_WARN_UNINITIALIZED_AUTOS = YES_AGGRESSIVE;
				GCC_WARN_UNUSED_FUNCTION = YES;
				GCC_WARN_UNUSED_VARIABLE = YES;
				MACOSX_DEPLOYMENT_TARGET = 12.5;
				MTL_ENABLE_DEBUG_INFO = NO;
				MTL_FAST_MATH = YES;
				SDKROOT = macosx;
				SWIFT_COMPILATION_MODE = wholemodule;
				SWIFT_OPTIMIZATION_LEVEL = "-O";
			};
			name = Release;
		};
		8746B72529681AF200477A32 /* Debug */ = {
			isa = XCBuildConfiguration;
			baseConfigurationReference = AAF339A3244A9A49B8DABEB6 /* Pods-DepthMacDemo.debug.xcconfig */;
			buildSettings = {
				ASSETCATALOG_COMPILER_APPICON_NAME = AppIcon;
				ASSETCATALOG_COMPILER_GLOBAL_ACCENT_COLOR_NAME = AccentColor;
				CODE_SIGN_ENTITLEMENTS = DepthMacDemo/DepthMacDemo.entitlements;
				"CODE_SIGN_IDENTITY[sdk=macosx*]" = "Apple Development";
				CODE_SIGN_STYLE = Automatic;
				COMBINE_HIDPI_IMAGES = YES;
				CURRENT_PROJECT_VERSION = 1;
				DEVELOPMENT_TEAM = 66T6NB6T4J;
				ENABLE_HARDENED_RUNTIME = YES;
				GENERATE_INFOPLIST_FILE = YES;
				INFOPLIST_KEY_NSHumanReadableCopyright = "";
				INFOPLIST_KEY_NSMainStoryboardFile = Main;
				INFOPLIST_KEY_NSPrincipalClass = NSApplication;
				LD_RUNPATH_SEARCH_PATHS = (
					"$(inherited)",
					"@executable_path/../Frameworks",
				);
				MARKETING_VERSION = 1.0;
				PRODUCT_BUNDLE_IDENTIFIER = Apple.DepthMac;
				PRODUCT_NAME = "$(TARGET_NAME)";
				SWIFT_EMIT_LOC_STRINGS = YES;
				SWIFT_VERSION = 5.0;
			};
			name = Debug;
		};
		8746B72629681AF200477A32 /* Release */ = {
			isa = XCBuildConfiguration;
			baseConfigurationReference = 21215A30D05BF65A2B024CBE /* Pods-DepthMacDemo.release.xcconfig */;
			buildSettings = {
				ASSETCATALOG_COMPILER_APPICON_NAME = AppIcon;
				ASSETCATALOG_COMPILER_GLOBAL_ACCENT_COLOR_NAME = AccentColor;
				CODE_SIGN_ENTITLEMENTS = DepthMacDemo/DepthMacDemo.entitlements;
				"CODE_SIGN_IDENTITY[sdk=macosx*]" = "Apple Development";
				CODE_SIGN_STYLE = Automatic;
				COMBINE_HIDPI_IMAGES = YES;
				CURRENT_PROJECT_VERSION = 1;
				DEVELOPMENT_TEAM = 66T6NB6T4J;
				ENABLE_HARDENED_RUNTIME = YES;
				GENERATE_INFOPLIST_FILE = YES;
				INFOPLIST_KEY_NSHumanReadableCopyright = "";
				INFOPLIST_KEY_NSMainStoryboardFile = Main;
				INFOPLIST_KEY_NSPrincipalClass = NSApplication;
				LD_RUNPATH_SEARCH_PATHS = (
					"$(inherited)",
					"@executable_path/../Frameworks",
				);
				MARKETING_VERSION = 1.0;
				PRODUCT_BUNDLE_IDENTIFIER = Apple.DepthMac;
				PRODUCT_NAME = "$(TARGET_NAME)";
				SWIFT_EMIT_LOC_STRINGS = YES;
				SWIFT_VERSION = 5.0;
			};
			name = Release;
		};
/* End XCBuildConfiguration section */

/* Begin XCConfigurationList section */
		8746B71029681AF100477A32 /* Build configuration list for PBXProject "DepthMacDemo" */ = {
			isa = XCConfigurationList;
			buildConfigurations = (
				8746B72229681AF200477A32 /* Debug */,
				8746B72329681AF200477A32 /* Release */,
			);
			defaultConfigurationIsVisible = 0;
			defaultConfigurationName = Release;
		};
		8746B72429681AF200477A32 /* Build configuration list for PBXNativeTarget "DepthMacDemo" */ = {
			isa = XCConfigurationList;
			buildConfigurations = (
				8746B72529681AF200477A32 /* Debug */,
				8746B72629681AF200477A32 /* Release */,
			);
			defaultConfigurationIsVisible = 0;
			defaultConfigurationName = Release;
		};
/* End XCConfigurationList section */
	};
	rootObject = 8746B70D29681AF100477A32 /* Project object */;
}
