// !$*UTF8*$!
{
	archiveVersion = 1;
	classes = {
	};
	objectVersion = 56;
	objects = {

/* Begin PBXBuildFile section */
		7146936DBA64E5FB9B6A8E7C /* Pods_ImageXExamples_ImageX__iOS_.framework in Frameworks */ = {isa = PBXBuildFile; fileRef = EABAEB17BAE1590645EA2820 /* Pods_ImageXExamples_ImageX__iOS_.framework */; };
		8725E0842A71006D00147D75 /* Miserablefaith.jpg in Resources */ = {isa = PBXBuildFile; fileRef = 8725E0832A71006D00147D75 /* Miserablefaith.jpg */; };
		8725E0852A71006D00147D75 /* Miserablefaith.jpg in Resources */ = {isa = PBXBuildFile; fileRef = 8725E0832A71006D00147D75 /* Miserablefaith.jpg */; };
		8732F80E2A70BA2D00411F9E /* IMG_0020.jpg in Resources */ = {isa = PBXBuildFile; fileRef = 8732F80D2A70BA2D00411F9E /* IMG_0020.jpg */; };
		8732F80F2A70BA2D00411F9E /* IMG_0020.jpg in Resources */ = {isa = PBXBuildFile; fileRef = 8732F80D2A70BA2D00411F9E /* IMG_0020.jpg */; };
		876300012A6F6B74000BA428 /* Typealias.swift in Sources */ = {isa = PBXBuildFile; fileRef = 876300002A6F6B74000BA428 /* Typealias.swift */; };
		876300022A6F6B74000BA428 /* Typealias.swift in Sources */ = {isa = PBXBuildFile; fileRef = 876300002A6F6B74000BA428 /* Typealias.swift */; };
		876300042A6F73A5000BA428 /* Pokemon.gif in Resources */ = {isa = PBXBuildFile; fileRef = 876300032A6F73A5000BA428 /* Pokemon.gif */; };
		876300052A6F73A5000BA428 /* Pokemon.gif in Resources */ = {isa = PBXBuildFile; fileRef = 876300032A6F73A5000BA428 /* Pokemon.gif */; };
		8763000A2A6F75F5000BA428 /* Res.swift in Sources */ = {isa = PBXBuildFile; fileRef = 876300092A6F75F5000BA428 /* Res.swift */; };
		8763000B2A6F75F5000BA428 /* Res.swift in Sources */ = {isa = PBXBuildFile; fileRef = 876300092A6F75F5000BA428 /* Res.swift */; };
		876300172A6FADFA000BA428 /* AsAnimatableView.swift in Sources */ = {isa = PBXBuildFile; fileRef = 876300162A6FADFA000BA428 /* AsAnimatableView.swift */; };
		876300182A6FADFA000BA428 /* AsAnimatableView.swift in Sources */ = {isa = PBXBuildFile; fileRef = 876300162A6FADFA000BA428 /* AsAnimatableView.swift */; };
		8763001E2A6FC1CD000BA428 /* ButtonView.swift in Sources */ = {isa = PBXBuildFile; fileRef = 8763001D2A6FC1CD000BA428 /* ButtonView.swift */; };
		8763001F2A6FC1CD000BA428 /* ButtonView.swift in Sources */ = {isa = PBXBuildFile; fileRef = 8763001D2A6FC1CD000BA428 /* ButtonView.swift */; };
		8763FFF32A6F5B7B000BA428 /* AnimatedView.swift in Sources */ = {isa = PBXBuildFile; fileRef = 8763FFF22A6F5B7B000BA428 /* AnimatedView.swift */; };
		8763FFF52A6F5C18000BA428 /* UIExtensions.swift in Sources */ = {isa = PBXBuildFile; fileRef = 8763FFF42A6F5C18000BA428 /* UIExtensions.swift */; };
		8763FFF82A6F618C000BA428 /* ContentView.swift in Sources */ = {isa = PBXBuildFile; fileRef = 87D15C672A6E782700BD655B /* ContentView.swift */; };
		8763FFF92A6F619A000BA428 /* AnimatedView.swift in Sources */ = {isa = PBXBuildFile; fileRef = 8763FFF22A6F5B7B000BA428 /* AnimatedView.swift */; };
		8763FFFA2A6F61C1000BA428 /* UIExtensions.swift in Sources */ = {isa = PBXBuildFile; fileRef = 8763FFF42A6F5C18000BA428 /* UIExtensions.swift */; };
		8763FFFB2A6F6230000BA428 /* ImageXExamplesApp.swift in Sources */ = {isa = PBXBuildFile; fileRef = 87D15C652A6E782700BD655B /* ImageXExamplesApp.swift */; };
		87D15C662A6E782700BD655B /* ImageXExamplesApp.swift in Sources */ = {isa = PBXBuildFile; fileRef = 87D15C652A6E782700BD655B /* ImageXExamplesApp.swift */; };
		87D15C682A6E782700BD655B /* ContentView.swift in Sources */ = {isa = PBXBuildFile; fileRef = 87D15C672A6E782700BD655B /* ContentView.swift */; };
		87D15C6A2A6E782900BD655B /* Assets.xcassets in Resources */ = {isa = PBXBuildFile; fileRef = 87D15C692A6E782900BD655B /* Assets.xcassets */; };
		87D15C6E2A6E782900BD655B /* Preview Assets.xcassets in Resources */ = {isa = PBXBuildFile; fileRef = 87D15C6D2A6E782900BD655B /* Preview Assets.xcassets */; };
		87EFC73D2A70FC0000A36E8C /* Assets.xcassets in Resources */ = {isa = PBXBuildFile; fileRef = 87D15C692A6E782900BD655B /* Assets.xcassets */; };
		87F62AF52A710C3B00ECDF6E /* UI+iOS.swift in Sources */ = {isa = PBXBuildFile; fileRef = 87F62AF42A710C3B00ECDF6E /* UI+iOS.swift */; };
		87F62AF62A710C3B00ECDF6E /* UI+iOS.swift in Sources */ = {isa = PBXBuildFile; fileRef = 87F62AF42A710C3B00ECDF6E /* UI+iOS.swift */; };
		87F62AF82A710C4600ECDF6E /* UI+macOS.swift in Sources */ = {isa = PBXBuildFile; fileRef = 87F62AF72A710C4600ECDF6E /* UI+macOS.swift */; };
		87F62AF92A710C4600ECDF6E /* UI+macOS.swift in Sources */ = {isa = PBXBuildFile; fileRef = 87F62AF72A710C4600ECDF6E /* UI+macOS.swift */; };
		C593589BEBCE51440ED4215D /* Pods_ImageXExamples_ImageX__macOS_.framework in Frameworks */ = {isa = PBXBuildFile; fileRef = 3E53D9EDE2A51520CC53D6F9 /* Pods_ImageXExamples_ImageX__macOS_.framework */; };
/* End PBXBuildFile section */

/* Begin PBXFileReference section */
		0143591BD8DB24626C1B946C /* Pods-ImageXExamples-ImageX (iOS).debug.xcconfig */ = {isa = PBXFileReference; includeInIndex = 1; lastKnownFileType = text.xcconfig; name = "Pods-ImageXExamples-ImageX (iOS).debug.xcconfig"; path = "Target Support Files/Pods-ImageXExamples-ImageX (iOS)/Pods-ImageXExamples-ImageX (iOS).debug.xcconfig"; sourceTree = "<group>"; };
		0F16BDB25D76EA8F60FF59AB /* Pods-ImageXExamples-ImageX (iOS).release.xcconfig */ = {isa = PBXFileReference; includeInIndex = 1; lastKnownFileType = text.xcconfig; name = "Pods-ImageXExamples-ImageX (iOS).release.xcconfig"; path = "Target Support Files/Pods-ImageXExamples-ImageX (iOS)/Pods-ImageXExamples-ImageX (iOS).release.xcconfig"; sourceTree = "<group>"; };
		2E98191850C0DAE2229BA70D /* Pods-ImageXExamples-ImageXExamples (iOS).debug.xcconfig */ = {isa = PBXFileReference; includeInIndex = 1; lastKnownFileType = text.xcconfig; name = "Pods-ImageXExamples-ImageXExamples (iOS).debug.xcconfig"; path = "Target Support Files/Pods-ImageXExamples-ImageXExamples (iOS)/Pods-ImageXExamples-ImageXExamples (iOS).debug.xcconfig"; sourceTree = "<group>"; };
		356E97108B057D0F50BA388D /* Pods-ImageXExamples-ImageXExamples (iOS).release.xcconfig */ = {isa = PBXFileReference; includeInIndex = 1; lastKnownFileType = text.xcconfig; name = "Pods-ImageXExamples-ImageXExamples (iOS).release.xcconfig"; path = "Target Support Files/Pods-ImageXExamples-ImageXExamples (iOS)/Pods-ImageXExamples-ImageXExamples (iOS).release.xcconfig"; sourceTree = "<group>"; };
		3E53D9EDE2A51520CC53D6F9 /* Pods_ImageXExamples_ImageX__macOS_.framework */ = {isa = PBXFileReference; explicitFileType = wrapper.framework; includeInIndex = 0; path = Pods_ImageXExamples_ImageX__macOS_.framework; sourceTree = BUILT_PRODUCTS_DIR; };
		8725E0832A71006D00147D75 /* Miserablefaith.jpg */ = {isa = PBXFileReference; lastKnownFileType = image.jpeg; path = Miserablefaith.jpg; sourceTree = "<group>"; };
		8732F80D2A70BA2D00411F9E /* IMG_0020.jpg */ = {isa = PBXFileReference; lastKnownFileType = image.jpeg; path = IMG_0020.jpg; sourceTree = "<group>"; };
		8732F81B2A70C06A00411F9E /* Info.plist */ = {isa = PBXFileReference; fileEncoding = 4; lastKnownFileType = text.plist.xml; path = Info.plist; sourceTree = "<group>"; };
		876300002A6F6B74000BA428 /* Typealias.swift */ = {isa = PBXFileReference; lastKnownFileType = sourcecode.swift; path = Typealias.swift; sourceTree = "<group>"; };
		876300032A6F73A5000BA428 /* Pokemon.gif */ = {isa = PBXFileReference; lastKnownFileType = image.gif; path = Pokemon.gif; sourceTree = "<group>"; };
		876300092A6F75F5000BA428 /* Res.swift */ = {isa = PBXFileReference; lastKnownFileType = sourcecode.swift; path = Res.swift; sourceTree = "<group>"; };
		876300162A6FADFA000BA428 /* AsAnimatableView.swift */ = {isa = PBXFileReference; lastKnownFileType = sourcecode.swift; path = AsAnimatableView.swift; sourceTree = "<group>"; };
		8763001D2A6FC1CD000BA428 /* ButtonView.swift */ = {isa = PBXFileReference; lastKnownFileType = sourcecode.swift; path = ButtonView.swift; sourceTree = "<group>"; };
		8763FFF22A6F5B7B000BA428 /* AnimatedView.swift */ = {isa = PBXFileReference; lastKnownFileType = sourcecode.swift; path = AnimatedView.swift; sourceTree = "<group>"; };
		8763FFF42A6F5C18000BA428 /* UIExtensions.swift */ = {isa = PBXFileReference; lastKnownFileType = sourcecode.swift; path = UIExtensions.swift; sourceTree = "<group>"; };
		87D15C622A6E782700BD655B /* ImageX (macOS).app */ = {isa = PBXFileReference; explicitFileType = wrapper.application; includeInIndex = 0; path = "ImageX (macOS).app"; sourceTree = BUILT_PRODUCTS_DIR; };
		87D15C652A6E782700BD655B /* ImageXExamplesApp.swift */ = {isa = PBXFileReference; lastKnownFileType = sourcecode.swift; path = ImageXExamplesApp.swift; sourceTree = "<group>"; };
		87D15C672A6E782700BD655B /* ContentView.swift */ = {isa = PBXFileReference; lastKnownFileType = sourcecode.swift; path = ContentView.swift; sourceTree = "<group>"; };
		87D15C692A6E782900BD655B /* Assets.xcassets */ = {isa = PBXFileReference; lastKnownFileType = folder.assetcatalog; path = Assets.xcassets; sourceTree = "<group>"; };
		87D15C6B2A6E782900BD655B /* ImageXExamples.entitlements */ = {isa = PBXFileReference; lastKnownFileType = text.plist.entitlements; path = ImageXExamples.entitlements; sourceTree = "<group>"; };
		87D15C6D2A6E782900BD655B /* Preview Assets.xcassets */ = {isa = PBXFileReference; lastKnownFileType = folder.assetcatalog; path = "Preview Assets.xcassets"; sourceTree = "<group>"; };
		87D15C782A6E7A9600BD655B /* ImageX (iOS).app */ = {isa = PBXFileReference; explicitFileType = wrapper.application; includeInIndex = 0; path = "ImageX (iOS).app"; sourceTree = BUILT_PRODUCTS_DIR; };
		87F62AF42A710C3B00ECDF6E /* UI+iOS.swift */ = {isa = PBXFileReference; lastKnownFileType = sourcecode.swift; path = "UI+iOS.swift"; sourceTree = "<group>"; };
		87F62AF72A710C4600ECDF6E /* UI+macOS.swift */ = {isa = PBXFileReference; lastKnownFileType = sourcecode.swift; path = "UI+macOS.swift"; sourceTree = "<group>"; };
		905C49D5AE7386F2AE47B84C /* Pods-ImageXExamples-ImageX (macOS).release.xcconfig */ = {isa = PBXFileReference; includeInIndex = 1; lastKnownFileType = text.xcconfig; name = "Pods-ImageXExamples-ImageX (macOS).release.xcconfig"; path = "Target Support Files/Pods-ImageXExamples-ImageX (macOS)/Pods-ImageXExamples-ImageX (macOS).release.xcconfig"; sourceTree = "<group>"; };
		A3AD650BDB2512E32046CAB1 /* Pods-ImageXExamples-ImageXExamples (macOS).debug.xcconfig */ = {isa = PBXFileReference; includeInIndex = 1; lastKnownFileType = text.xcconfig; name = "Pods-ImageXExamples-ImageXExamples (macOS).debug.xcconfig"; path = "Target Support Files/Pods-ImageXExamples-ImageXExamples (macOS)/Pods-ImageXExamples-ImageXExamples (macOS).debug.xcconfig"; sourceTree = "<group>"; };
		B27D71B7A426EF44895D6707 /* Pods-ImageXExamples-ImageXExamples (macOS).release.xcconfig */ = {isa = PBXFileReference; includeInIndex = 1; lastKnownFileType = text.xcconfig; name = "Pods-ImageXExamples-ImageXExamples (macOS).release.xcconfig"; path = "Target Support Files/Pods-ImageXExamples-ImageXExamples (macOS)/Pods-ImageXExamples-ImageXExamples (macOS).release.xcconfig"; sourceTree = "<group>"; };
		EABAEB17BAE1590645EA2820 /* Pods_ImageXExamples_ImageX__iOS_.framework */ = {isa = PBXFileReference; explicitFileType = wrapper.framework; includeInIndex = 0; path = Pods_ImageXExamples_ImageX__iOS_.framework; sourceTree = BUILT_PRODUCTS_DIR; };
		F8CA694566C0BBA6B350008A /* Pods-ImageXExamples-ImageX (macOS).debug.xcconfig */ = {isa = PBXFileReference; includeInIndex = 1; lastKnownFileType = text.xcconfig; name = "Pods-ImageXExamples-ImageX (macOS).debug.xcconfig"; path = "Target Support Files/Pods-ImageXExamples-ImageX (macOS)/Pods-ImageXExamples-ImageX (macOS).debug.xcconfig"; sourceTree = "<group>"; };
/* End PBXFileReference section */

/* Begin PBXFrameworksBuildPhase section */
		87D15C5F2A6E782700BD655B /* Frameworks */ = {
			isa = PBXFrameworksBuildPhase;
			buildActionMask = 2147483647;
			files = (
				C593589BEBCE51440ED4215D /* Pods_ImageXExamples_ImageX__macOS_.framework in Frameworks */,
			);
			runOnlyForDeploymentPostprocessing = 0;
		};
		87D15C752A6E7A9600BD655B /* Frameworks */ = {
			isa = PBXFrameworksBuildPhase;
			buildActionMask = 2147483647;
			files = (
				7146936DBA64E5FB9B6A8E7C /* Pods_ImageXExamples_ImageX__iOS_.framework in Frameworks */,
			);
			runOnlyForDeploymentPostprocessing = 0;
		};
/* End PBXFrameworksBuildPhase section */

/* Begin PBXGroup section */
		52BABE67CB98BFBA3C535FD8 /* Frameworks */ = {
			isa = PBXGroup;
			children = (
				EABAEB17BAE1590645EA2820 /* Pods_ImageXExamples_ImageX__iOS_.framework */,
				3E53D9EDE2A51520CC53D6F9 /* Pods_ImageXExamples_ImageX__macOS_.framework */,
			);
			name = Frameworks;
			sourceTree = "<group>";
		};
		8725E0822A70FE9D00147D75 /* Views */ = {
			isa = PBXGroup;
			children = (
				8763FFF22A6F5B7B000BA428 /* AnimatedView.swift */,
				876300162A6FADFA000BA428 /* AsAnimatableView.swift */,
				8763001D2A6FC1CD000BA428 /* ButtonView.swift */,
			);
			path = Views;
			sourceTree = "<group>";
		};
		8732F8152A70BD1E00411F9E /* iOS */ = {
			isa = PBXGroup;
			children = (
				8732F81B2A70C06A00411F9E /* Info.plist */,
			);
			path = iOS;
			sourceTree = "<group>";
		};
		8763FFF62A6F5C1C000BA428 /* Utils */ = {
			isa = PBXGroup;
			children = (
				876300092A6F75F5000BA428 /* Res.swift */,
				876300002A6F6B74000BA428 /* Typealias.swift */,
				87F62AF42A710C3B00ECDF6E /* UI+iOS.swift */,
				87F62AF72A710C4600ECDF6E /* UI+macOS.swift */,
				8763FFF42A6F5C18000BA428 /* UIExtensions.swift */,
			);
			path = Utils;
			sourceTree = "<group>";
		};
		8763FFF72A6F5C38000BA428 /* Resources */ = {
			isa = PBXGroup;
			children = (
				87D15C692A6E782900BD655B /* Assets.xcassets */,
				8732F80D2A70BA2D00411F9E /* IMG_0020.jpg */,
				8725E0832A71006D00147D75 /* Miserablefaith.jpg */,
				876300032A6F73A5000BA428 /* Pokemon.gif */,
			);
			path = Resources;
			sourceTree = "<group>";
		};
		87D15C592A6E782600BD655B = {
			isa = PBXGroup;
			children = (
				87D15C642A6E782700BD655B /* ImageXExamples */,
				87D15C632A6E782700BD655B /* Products */,
				EBD18586DB4EB67D71503F8A /* Pods */,
				52BABE67CB98BFBA3C535FD8 /* Frameworks */,
			);
			sourceTree = "<group>";
		};
		87D15C632A6E782700BD655B /* Products */ = {
			isa = PBXGroup;
			children = (
				87D15C622A6E782700BD655B /* ImageX (macOS).app */,
				87D15C782A6E7A9600BD655B /* ImageX (iOS).app */,
			);
			name = Products;
			sourceTree = "<group>";
		};
		87D15C642A6E782700BD655B /* ImageXExamples */ = {
			isa = PBXGroup;
			children = (
				87D15C652A6E782700BD655B /* ImageXExamplesApp.swift */,
				87D15C672A6E782700BD655B /* ContentView.swift */,
				8725E0822A70FE9D00147D75 /* Views */,
				8763FFF62A6F5C1C000BA428 /* Utils */,
				8763FFF72A6F5C38000BA428 /* Resources */,
				8732F8152A70BD1E00411F9E /* iOS */,
				87D15C862A6E7AC800BD655B /* macOS */,
				87D15C6C2A6E782900BD655B /* Preview Content */,
			);
			path = ImageXExamples;
			sourceTree = "<group>";
		};
		87D15C6C2A6E782900BD655B /* Preview Content */ = {
			isa = PBXGroup;
			children = (
				87D15C6D2A6E782900BD655B /* Preview Assets.xcassets */,
			);
			path = "Preview Content";
			sourceTree = "<group>";
		};
		87D15C862A6E7AC800BD655B /* macOS */ = {
			isa = PBXGroup;
			children = (
				87D15C6B2A6E782900BD655B /* ImageXExamples.entitlements */,
			);
			path = macOS;
			sourceTree = "<group>";
		};
		EBD18586DB4EB67D71503F8A /* Pods */ = {
			isa = PBXGroup;
			children = (
				2E98191850C0DAE2229BA70D /* Pods-ImageXExamples-ImageXExamples (iOS).debug.xcconfig */,
				356E97108B057D0F50BA388D /* Pods-ImageXExamples-ImageXExamples (iOS).release.xcconfig */,
				A3AD650BDB2512E32046CAB1 /* Pods-ImageXExamples-ImageXExamples (macOS).debug.xcconfig */,
				B27D71B7A426EF44895D6707 /* Pods-ImageXExamples-ImageXExamples (macOS).release.xcconfig */,
				0143591BD8DB24626C1B946C /* Pods-ImageXExamples-ImageX (iOS).debug.xcconfig */,
				0F16BDB25D76EA8F60FF59AB /* Pods-ImageXExamples-ImageX (iOS).release.xcconfig */,
				F8CA694566C0BBA6B350008A /* Pods-ImageXExamples-ImageX (macOS).debug.xcconfig */,
				905C49D5AE7386F2AE47B84C /* Pods-ImageXExamples-ImageX (macOS).release.xcconfig */,
			);
			path = Pods;
			sourceTree = "<group>";
		};
/* End PBXGroup section */

/* Begin PBXNativeTarget section */
		87D15C612A6E782700BD655B /* ImageX (macOS) */ = {
			isa = PBXNativeTarget;
			buildConfigurationList = 87D15C712A6E782900BD655B /* Build configuration list for PBXNativeTarget "ImageX (macOS)" */;
			buildPhases = (
				950645AF4632A0E3E6069339 /* [CP] Check Pods Manifest.lock */,
				87D15C5E2A6E782700BD655B /* Sources */,
				87D15C5F2A6E782700BD655B /* Frameworks */,
				87D15C602A6E782700BD655B /* Resources */,
				B772A69FAC6583F13E66F078 /* [CP] Copy Pods Resources */,
			);
			buildRules = (
			);
			dependencies = (
			);
			name = "ImageX (macOS)";
			productName = ImageXExamples;
			productReference = 87D15C622A6E782700BD655B /* ImageX (macOS).app */;
			productType = "com.apple.product-type.application";
		};
		87D15C772A6E7A9600BD655B /* ImageX (iOS) */ = {
			isa = PBXNativeTarget;
			buildConfigurationList = 87D15C852A6E7A9700BD655B /* Build configuration list for PBXNativeTarget "ImageX (iOS)" */;
			buildPhases = (
				F1D15C62AF17BF0A49C69F02 /* [CP] Check Pods Manifest.lock */,
				87D15C742A6E7A9600BD655B /* Sources */,
				87D15C752A6E7A9600BD655B /* Frameworks */,
				87D15C762A6E7A9600BD655B /* Resources */,
				E74F2A32285A71AEA109F472 /* [CP] Copy Pods Resources */,
			);
			buildRules = (
			);
			dependencies = (
			);
			name = "ImageX (iOS)";
			productName = "ImageXExamples (iOS)";
			productReference = 87D15C782A6E7A9600BD655B /* ImageX (iOS).app */;
			productType = "com.apple.product-type.application";
		};
/* End PBXNativeTarget section */

/* Begin PBXProject section */
		87D15C5A2A6E782600BD655B /* Project object */ = {
			isa = PBXProject;
			attributes = {
				BuildIndependentTargetsInParallel = 1;
				LastSwiftUpdateCheck = 1420;
				LastUpgradeCheck = 1420;
				TargetAttributes = {
					87D15C612A6E782700BD655B = {
						CreatedOnToolsVersion = 14.2;
					};
					87D15C772A6E7A9600BD655B = {
						CreatedOnToolsVersion = 14.2;
					};
				};
			};
			buildConfigurationList = 87D15C5D2A6E782600BD655B /* Build configuration list for PBXProject "ImageXExamples" */;
			compatibilityVersion = "Xcode 14.0";
			developmentRegion = en;
			hasScannedForEncodings = 0;
			knownRegions = (
				en,
				Base,
			);
			mainGroup = 87D15C592A6E782600BD655B;
			productRefGroup = 87D15C632A6E782700BD655B /* Products */;
			projectDirPath = "";
			projectRoot = "";
			targets = (
				87D15C772A6E7A9600BD655B /* ImageX (iOS) */,
				87D15C612A6E782700BD655B /* ImageX (macOS) */,
			);
		};
/* End PBXProject section */

/* Begin PBXResourcesBuildPhase section */
		87D15C602A6E782700BD655B /* Resources */ = {
			isa = PBXResourcesBuildPhase;
			buildActionMask = 2147483647;
			files = (
				8732F80E2A70BA2D00411F9E /* IMG_0020.jpg in Resources */,
				87D15C6E2A6E782900BD655B /* Preview Assets.xcassets in Resources */,
				87D15C6A2A6E782900BD655B /* Assets.xcassets in Resources */,
				8725E0852A71006D00147D75 /* Miserablefaith.jpg in Resources */,
				876300042A6F73A5000BA428 /* Pokemon.gif in Resources */,
			);
			runOnlyForDeploymentPostprocessing = 0;
		};
		87D15C762A6E7A9600BD655B /* Resources */ = {
			isa = PBXResourcesBuildPhase;
			buildActionMask = 2147483647;
			files = (
				8725E0842A71006D00147D75 /* Miserablefaith.jpg in Resources */,
				8732F80F2A70BA2D00411F9E /* IMG_0020.jpg in Resources */,
				87EFC73D2A70FC0000A36E8C /* Assets.xcassets in Resources */,
				876300052A6F73A5000BA428 /* Pokemon.gif in Resources */,
			);
			runOnlyForDeploymentPostprocessing = 0;
		};
/* End PBXResourcesBuildPhase section */

/* Begin PBXShellScriptBuildPhase section */
		950645AF4632A0E3E6069339 /* [CP] Check Pods Manifest.lock */ = {
			isa = PBXShellScriptBuildPhase;
			buildActionMask = 2147483647;
			files = (
			);
			inputFileListPaths = (
			);
			inputPaths = (
				"${PODS_PODFILE_DIR_PATH}/Podfile.lock",
				"${PODS_ROOT}/Manifest.lock",
			);
			name = "[CP] Check Pods Manifest.lock";
			outputFileListPaths = (
			);
			outputPaths = (
				"$(DERIVED_FILE_DIR)/Pods-ImageXExamples-ImageX (macOS)-checkManifestLockResult.txt",
			);
			runOnlyForDeploymentPostprocessing = 0;
			shellPath = /bin/sh;
			shellScript = "diff \"${PODS_PODFILE_DIR_PATH}/Podfile.lock\" \"${PODS_ROOT}/Manifest.lock\" > /dev/null\nif [ $? != 0 ] ; then\n    # print error to STDERR\n    echo \"error: The sandbox is not in sync with the Podfile.lock. Run 'pod install' or update your CocoaPods installation.\" >&2\n    exit 1\nfi\n# This output is used by Xcode 'outputs' to avoid re-running this script phase.\necho \"SUCCESS\" > \"${SCRIPT_OUTPUT_FILE_0}\"\n";
			showEnvVarsInLog = 0;
		};
		B772A69FAC6583F13E66F078 /* [CP] Copy Pods Resources */ = {
			isa = PBXShellScriptBuildPhase;
			buildActionMask = 2147483647;
			files = (
			);
			inputFileListPaths = (
				"${PODS_ROOT}/Target Support Files/Pods-ImageXExamples-ImageX (macOS)/Pods-ImageXExamples-ImageX (macOS)-resources-${CONFIGURATION}-input-files.xcfilelist",
			);
			name = "[CP] Copy Pods Resources";
			outputFileListPaths = (
				"${PODS_ROOT}/Target Support Files/Pods-ImageXExamples-ImageX (macOS)/Pods-ImageXExamples-ImageX (macOS)-resources-${CONFIGURATION}-output-files.xcfilelist",
			);
			runOnlyForDeploymentPostprocessing = 0;
			shellPath = /bin/sh;
			shellScript = "\"${PODS_ROOT}/Target Support Files/Pods-ImageXExamples-ImageX (macOS)/Pods-ImageXExamples-ImageX (macOS)-resources.sh\"\n";
			showEnvVarsInLog = 0;
		};
		E74F2A32285A71AEA109F472 /* [CP] Copy Pods Resources */ = {
			isa = PBXShellScriptBuildPhase;
			buildActionMask = 2147483647;
			files = (
			);
			inputFileListPaths = (
				"${PODS_ROOT}/Target Support Files/Pods-ImageXExamples-ImageX (iOS)/Pods-ImageXExamples-ImageX (iOS)-resources-${CONFIGURATION}-input-files.xcfilelist",
			);
			name = "[CP] Copy Pods Resources";
			outputFileListPaths = (
				"${PODS_ROOT}/Target Support Files/Pods-ImageXExamples-ImageX (iOS)/Pods-ImageXExamples-ImageX (iOS)-resources-${CONFIGURATION}-output-files.xcfilelist",
			);
			runOnlyForDeploymentPostprocessing = 0;
			shellPath = /bin/sh;
			shellScript = "\"${PODS_ROOT}/Target Support Files/Pods-ImageXExamples-ImageX (iOS)/Pods-ImageXExamples-ImageX (iOS)-resources.sh\"\n";
			showEnvVarsInLog = 0;
		};
		F1D15C62AF17BF0A49C69F02 /* [CP] Check Pods Manifest.lock */ = {
			isa = PBXShellScriptBuildPhase;
			buildActionMask = 2147483647;
			files = (
			);
			inputFileListPaths = (
			);
			inputPaths = (
				"${PODS_PODFILE_DIR_PATH}/Podfile.lock",
				"${PODS_ROOT}/Manifest.lock",
			);
			name = "[CP] Check Pods Manifest.lock";
			outputFileListPaths = (
			);
			outputPaths = (
				"$(DERIVED_FILE_DIR)/Pods-ImageXExamples-ImageX (iOS)-checkManifestLockResult.txt",
			);
			runOnlyForDeploymentPostprocessing = 0;
			shellPath = /bin/sh;
			shellScript = "diff \"${PODS_PODFILE_DIR_PATH}/Podfile.lock\" \"${PODS_ROOT}/Manifest.lock\" > /dev/null\nif [ $? != 0 ] ; then\n    # print error to STDERR\n    echo \"error: The sandbox is not in sync with the Podfile.lock. Run 'pod install' or update your CocoaPods installation.\" >&2\n    exit 1\nfi\n# This output is used by Xcode 'outputs' to avoid re-running this script phase.\necho \"SUCCESS\" > \"${SCRIPT_OUTPUT_FILE_0}\"\n";
			showEnvVarsInLog = 0;
		};
/* End PBXShellScriptBuildPhase section */

/* Begin PBXSourcesBuildPhase section */
		87D15C5E2A6E782700BD655B /* Sources */ = {
			isa = PBXSourcesBuildPhase;
			buildActionMask = 2147483647;
			files = (
				8763000A2A6F75F5000BA428 /* Res.swift in Sources */,
				87F62AF62A710C3B00ECDF6E /* UI+iOS.swift in Sources */,
				87D15C682A6E782700BD655B /* ContentView.swift in Sources */,
				8763001E2A6FC1CD000BA428 /* ButtonView.swift in Sources */,
				8763FFF52A6F5C18000BA428 /* UIExtensions.swift in Sources */,
				8763FFF32A6F5B7B000BA428 /* AnimatedView.swift in Sources */,
				876300172A6FADFA000BA428 /* AsAnimatableView.swift in Sources */,
				87D15C662A6E782700BD655B /* ImageXExamplesApp.swift in Sources */,
				876300012A6F6B74000BA428 /* Typealias.swift in Sources */,
				87F62AF92A710C4600ECDF6E /* UI+macOS.swift in Sources */,
			);
			runOnlyForDeploymentPostprocessing = 0;
		};
		87D15C742A6E7A9600BD655B /* Sources */ = {
			isa = PBXSourcesBuildPhase;
			buildActionMask = 2147483647;
			files = (
				8763000B2A6F75F5000BA428 /* Res.swift in Sources */,
				87F62AF52A710C3B00ECDF6E /* UI+iOS.swift in Sources */,
				8763FFFA2A6F61C1000BA428 /* UIExtensions.swift in Sources */,
				8763001F2A6FC1CD000BA428 /* ButtonView.swift in Sources */,
				8763FFFB2A6F6230000BA428 /* ImageXExamplesApp.swift in Sources */,
				8763FFF82A6F618C000BA428 /* ContentView.swift in Sources */,
				876300182A6FADFA000BA428 /* AsAnimatableView.swift in Sources */,
				8763FFF92A6F619A000BA428 /* AnimatedView.swift in Sources */,
				876300022A6F6B74000BA428 /* Typealias.swift in Sources */,
				87F62AF82A710C4600ECDF6E /* UI+macOS.swift in Sources */,
			);
			runOnlyForDeploymentPostprocessing = 0;
		};
/* End PBXSourcesBuildPhase section */

/* Begin XCBuildConfiguration section */
		87D15C6F2A6E782900BD655B /* Debug */ = {
			isa = XCBuildConfiguration;
			buildSettings = {
				ALWAYS_SEARCH_USER_PATHS = NO;
				CLANG_ANALYZER_NONNULL = YES;
				CLANG_ANALYZER_NUMBER_OBJECT_CONVERSION = YES_AGGRESSIVE;
				CLANG_CXX_LANGUAGE_STANDARD = "gnu++20";
				CLANG_ENABLE_MODULES = YES;
				CLANG_ENABLE_OBJC_ARC = YES;
				CLANG_ENABLE_OBJC_WEAK = YES;
				CLANG_WARN_BLOCK_CAPTURE_AUTORELEASING = YES;
				CLANG_WARN_BOOL_CONVERSION = YES;
				CLANG_WARN_COMMA = YES;
				CLANG_WARN_CONSTANT_CONVERSION = YES;
				CLANG_WARN_DEPRECATED_OBJC_IMPLEMENTATIONS = YES;
				CLANG_WARN_DIRECT_OBJC_ISA_USAGE = YES_ERROR;
				CLANG_WARN_DOCUMENTATION_COMMENTS = YES;
				CLANG_WARN_EMPTY_BODY = YES;
				CLANG_WARN_ENUM_CONVERSION = YES;
				CLANG_WARN_INFINITE_RECURSION = YES;
				CLANG_WARN_INT_CONVERSION = YES;
				CLANG_WARN_NON_LITERAL_NULL_CONVERSION = YES;
				CLANG_WARN_OBJC_IMPLICIT_RETAIN_SELF = YES;
				CLANG_WARN_OBJC_LITERAL_CONVERSION = YES;
				CLANG_WARN_OBJC_ROOT_CLASS = YES_ERROR;
				CLANG_WARN_QUOTED_INCLUDE_IN_FRAMEWORK_HEADER = YES;
				CLANG_WARN_RANGE_LOOP_ANALYSIS = YES;
				CLANG_WARN_STRICT_PROTOTYPES = YES;
				CLANG_WARN_SUSPICIOUS_MOVE = YES;
				CLANG_WARN_UNGUARDED_AVAILABILITY = YES_AGGRESSIVE;
				CLANG_WARN_UNREACHABLE_CODE = YES;
				CLANG_WARN__DUPLICATE_METHOD_MATCH = YES;
				COPY_PHASE_STRIP = NO;
				DEBUG_INFORMATION_FORMAT = dwarf;
				ENABLE_STRICT_OBJC_MSGSEND = YES;
				ENABLE_TESTABILITY = YES;
				GCC_C_LANGUAGE_STANDARD = gnu11;
				GCC_DYNAMIC_NO_PIC = NO;
				GCC_NO_COMMON_BLOCKS = YES;
				GCC_OPTIMIZATION_LEVEL = 0;
				GCC_PREPROCESSOR_DEFINITIONS = (
					"DEBUG=1",
					"$(inherited)",
				);
				GCC_WARN_64_TO_32_BIT_CONVERSION = YES;
				GCC_WARN_ABOUT_RETURN_TYPE = YES_ERROR;
				GCC_WARN_UNDECLARED_SELECTOR = YES;
				GCC_WARN_UNINITIALIZED_AUTOS = YES_AGGRESSIVE;
				GCC_WARN_UNUSED_FUNCTION = YES;
				GCC_WARN_UNUSED_VARIABLE = YES;
				MTL_ENABLE_DEBUG_INFO = INCLUDE_SOURCE;
				MTL_FAST_MATH = YES;
				ONLY_ACTIVE_ARCH = YES;
				SWIFT_ACTIVE_COMPILATION_CONDITIONS = DEBUG;
				SWIFT_OPTIMIZATION_LEVEL = "-Onone";
			};
			name = Debug;
		};
		87D15C702A6E782900BD655B /* Release */ = {
			isa = XCBuildConfiguration;
			buildSettings = {
				ALWAYS_SEARCH_USER_PATHS = NO;
				CLANG_ANALYZER_NONNULL = YES;
				CLANG_ANALYZER_NUMBER_OBJECT_CONVERSION = YES_AGGRESSIVE;
				CLANG_CXX_LANGUAGE_STANDARD = "gnu++20";
				CLANG_ENABLE_MODULES = YES;
				CLANG_ENABLE_OBJC_ARC = YES;
				CLANG_ENABLE_OBJC_WEAK = YES;
				CLANG_WARN_BLOCK_CAPTURE_AUTORELEASING = YES;
				CLANG_WARN_BOOL_CONVERSION = YES;
				CLANG_WARN_COMMA = YES;
				CLANG_WARN_CONSTANT_CONVERSION = YES;
				CLANG_WARN_DEPRECATED_OBJC_IMPLEMENTATIONS = YES;
				CLANG_WARN_DIRECT_OBJC_ISA_USAGE = YES_ERROR;
				CLANG_WARN_DOCUMENTATION_COMMENTS = YES;
				CLANG_WARN_EMPTY_BODY = YES;
				CLANG_WARN_ENUM_CONVERSION = YES;
				CLANG_WARN_INFINITE_RECURSION = YES;
				CLANG_WARN_INT_CONVERSION = YES;
				CLANG_WARN_NON_LITERAL_NULL_CONVERSION = YES;
				CLANG_WARN_OBJC_IMPLICIT_RETAIN_SELF = YES;
				CLANG_WARN_OBJC_LITERAL_CONVERSION = YES;
				CLANG_WARN_OBJC_ROOT_CLASS = YES_ERROR;
				CLANG_WARN_QUOTED_INCLUDE_IN_FRAMEWORK_HEADER = YES;
				CLANG_WARN_RANGE_LOOP_ANALYSIS = YES;
				CLANG_WARN_STRICT_PROTOTYPES = YES;
				CLANG_WARN_SUSPICIOUS_MOVE = YES;
				CLANG_WARN_UNGUARDED_AVAILABILITY = YES_AGGRESSIVE;
				CLANG_WARN_UNREACHABLE_CODE = YES;
				CLANG_WARN__DUPLICATE_METHOD_MATCH = YES;
				COPY_PHASE_STRIP = NO;
				DEBUG_INFORMATION_FORMAT = "dwarf-with-dsym";
				ENABLE_NS_ASSERTIONS = NO;
				ENABLE_STRICT_OBJC_MSGSEND = YES;
				GCC_C_LANGUAGE_STANDARD = gnu11;
				GCC_NO_COMMON_BLOCKS = YES;
				GCC_WARN_64_TO_32_BIT_CONVERSION = YES;
				GCC_WARN_ABOUT_RETURN_TYPE = YES_ERROR;
				GCC_WARN_UNDECLARED_SELECTOR = YES;
				GCC_WARN_UNINITIALIZED_AUTOS = YES_AGGRESSIVE;
				GCC_WARN_UNUSED_FUNCTION = YES;
				GCC_WARN_UNUSED_VARIABLE = YES;
				MTL_ENABLE_DEBUG_INFO = NO;
				MTL_FAST_MATH = YES;
				SWIFT_COMPILATION_MODE = wholemodule;
				SWIFT_OPTIMIZATION_LEVEL = "-O";
			};
			name = Release;
		};
		87D15C722A6E782900BD655B /* Debug */ = {
			isa = XCBuildConfiguration;
			baseConfigurationReference = F8CA694566C0BBA6B350008A /* Pods-ImageXExamples-ImageX (macOS).debug.xcconfig */;
			buildSettings = {
				ASSETCATALOG_COMPILER_APPICON_NAME = AppIcon;
				ASSETCATALOG_COMPILER_GLOBAL_ACCENT_COLOR_NAME = AccentColor;
				CODE_SIGN_ENTITLEMENTS = ImageXExamples/macOS/ImageXExamples.entitlements;
				CODE_SIGN_STYLE = Automatic;
				CURRENT_PROJECT_VERSION = 1;
				DEVELOPMENT_ASSET_PATHS = "\"ImageXExamples/Preview Content\"";
				DEVELOPMENT_TEAM = AAHMKJNWLX;
				ENABLE_HARDENED_RUNTIME = YES;
				ENABLE_PREVIEWS = YES;
				GENERATE_INFOPLIST_FILE = YES;
				"INFOPLIST_KEY_UIApplicationSceneManifest_Generation[sdk=iphoneos*]" = YES;
				"INFOPLIST_KEY_UIApplicationSceneManifest_Generation[sdk=iphonesimulator*]" = YES;
				"INFOPLIST_KEY_UIApplicationSupportsIndirectInputEvents[sdk=iphoneos*]" = YES;
				"INFOPLIST_KEY_UIApplicationSupportsIndirectInputEvents[sdk=iphonesimulator*]" = YES;
				"INFOPLIST_KEY_UILaunchScreen_Generation[sdk=iphoneos*]" = YES;
				"INFOPLIST_KEY_UILaunchScreen_Generation[sdk=iphonesimulator*]" = YES;
				"INFOPLIST_KEY_UIStatusBarStyle[sdk=iphoneos*]" = UIStatusBarStyleDefault;
				"INFOPLIST_KEY_UIStatusBarStyle[sdk=iphonesimulator*]" = UIStatusBarStyleDefault;
				INFOPLIST_KEY_UISupportedInterfaceOrientations_iPad = "UIInterfaceOrientationPortrait UIInterfaceOrientationPortraitUpsideDown UIInterfaceOrientationLandscapeLeft UIInterfaceOrientationLandscapeRight";
				INFOPLIST_KEY_UISupportedInterfaceOrientations_iPhone = "UIInterfaceOrientationPortrait UIInterfaceOrientationLandscapeLeft UIInterfaceOrientationLandscapeRight";
				IPHONEOS_DEPLOYMENT_TARGET = 16.2;
				LD_RUNPATH_SEARCH_PATHS = "@executable_path/Frameworks";
				"LD_RUNPATH_SEARCH_PATHS[sdk=macosx*]" = "@executable_path/../Frameworks";
				MACOSX_DEPLOYMENT_TARGET = 11.0;
				MARKETING_VERSION = 1.0;
				PRODUCT_BUNDLE_IDENTIFIER = Apple.ImageXExamples;
				PRODUCT_NAME = "$(TARGET_NAME)";
				SDKROOT = auto;
				SUPPORTED_PLATFORMS = macosx;
				SUPPORTS_MACCATALYST = NO;
				SUPPORTS_MAC_DESIGNED_FOR_IPHONE_IPAD = NO;
				SWIFT_EMIT_LOC_STRINGS = YES;
				SWIFT_VERSION = 5.0;
			};
			name = Debug;
		};
		87D15C732A6E782900BD655B /* Release */ = {
			isa = XCBuildConfiguration;
			baseConfigurationReference = 905C49D5AE7386F2AE47B84C /* Pods-ImageXExamples-ImageX (macOS).release.xcconfig */;
			buildSettings = {
				ASSETCATALOG_COMPILER_APPICON_NAME = AppIcon;
				ASSETCATALOG_COMPILER_GLOBAL_ACCENT_COLOR_NAME = AccentColor;
				CODE_SIGN_ENTITLEMENTS = ImageXExamples/macOS/ImageXExamples.entitlements;
				CODE_SIGN_STYLE = Automatic;
				CURRENT_PROJECT_VERSION = 1;
				DEVELOPMENT_ASSET_PATHS = "\"ImageXExamples/Preview Content\"";
				DEVELOPMENT_TEAM = AAHMKJNWLX;
				ENABLE_HARDENED_RUNTIME = YES;
				ENABLE_PREVIEWS = YES;
				GENERATE_INFOPLIST_FILE = YES;
				"INFOPLIST_KEY_UIApplicationSceneManifest_Generation[sdk=iphoneos*]" = YES;
				"INFOPLIST_KEY_UIApplicationSceneManifest_Generation[sdk=iphonesimulator*]" = YES;
				"INFOPLIST_KEY_UIApplicationSupportsIndirectInputEvents[sdk=iphoneos*]" = YES;
				"INFOPLIST_KEY_UIApplicationSupportsIndirectInputEvents[sdk=iphonesimulator*]" = YES;
				"INFOPLIST_KEY_UILaunchScreen_Generation[sdk=iphoneos*]" = YES;
				"INFOPLIST_KEY_UILaunchScreen_Generation[sdk=iphonesimulator*]" = YES;
				"INFOPLIST_KEY_UIStatusBarStyle[sdk=iphoneos*]" = UIStatusBarStyleDefault;
				"INFOPLIST_KEY_UIStatusBarStyle[sdk=iphonesimulator*]" = UIStatusBarStyleDefault;
				INFOPLIST_KEY_UISupportedInterfaceOrientations_iPad = "UIInterfaceOrientationPortrait UIInterfaceOrientationPortraitUpsideDown UIInterfaceOrientationLandscapeLeft UIInterfaceOrientationLandscapeRight";
				INFOPLIST_KEY_UISupportedInterfaceOrientations_iPhone = "UIInterfaceOrientationPortrait UIInterfaceOrientationLandscapeLeft UIInterfaceOrientationLandscapeRight";
				IPHONEOS_DEPLOYMENT_TARGET = 16.2;
				LD_RUNPATH_SEARCH_PATHS = "@executable_path/Frameworks";
				"LD_RUNPATH_SEARCH_PATHS[sdk=macosx*]" = "@executable_path/../Frameworks";
				MACOSX_DEPLOYMENT_TARGET = 11.0;
				MARKETING_VERSION = 1.0;
				PRODUCT_BUNDLE_IDENTIFIER = Apple.ImageXExamples;
				PRODUCT_NAME = "$(TARGET_NAME)";
				SDKROOT = auto;
				SUPPORTED_PLATFORMS = macosx;
				SUPPORTS_MACCATALYST = NO;
				SUPPORTS_MAC_DESIGNED_FOR_IPHONE_IPAD = NO;
				SWIFT_EMIT_LOC_STRINGS = YES;
				SWIFT_VERSION = 5.0;
			};
			name = Release;
		};
		87D15C832A6E7A9700BD655B /* Debug */ = {
			isa = XCBuildConfiguration;
			baseConfigurationReference = 0143591BD8DB24626C1B946C /* Pods-ImageXExamples-ImageX (iOS).debug.xcconfig */;
			buildSettings = {
				ASSETCATALOG_COMPILER_APPICON_NAME = AppIcon;
				ASSETCATALOG_COMPILER_GLOBAL_ACCENT_COLOR_NAME = AccentColor;
				CODE_SIGN_STYLE = Automatic;
				CURRENT_PROJECT_VERSION = 1;
				DEVELOPMENT_ASSET_PATHS = "\"ImageXExamples/Preview Content\"";
				DEVELOPMENT_TEAM = AAHMKJNWLX;
				ENABLE_PREVIEWS = YES;
				GENERATE_INFOPLIST_FILE = YES;
				INFOPLIST_FILE = "";
				INFOPLIST_KEY_UIApplicationSceneManifest_Generation = YES;
				INFOPLIST_KEY_UIApplicationSupportsIndirectInputEvents = YES;
				INFOPLIST_KEY_UILaunchScreen_Generation = YES;
				INFOPLIST_KEY_UISupportedInterfaceOrientations_iPad = "UIInterfaceOrientationPortrait UIInterfaceOrientationPortraitUpsideDown UIInterfaceOrientationLandscapeLeft UIInterfaceOrientationLandscapeRight";
				INFOPLIST_KEY_UISupportedInterfaceOrientations_iPhone = "UIInterfaceOrientationPortrait UIInterfaceOrientationLandscapeLeft UIInterfaceOrientationLandscapeRight";
				IPHONEOS_DEPLOYMENT_TARGET = 14.0;
				LD_RUNPATH_SEARCH_PATHS = (
					"$(inherited)",
					"@executable_path/Frameworks",
				);
				MARKETING_VERSION = 1.0;
				PRODUCT_BUNDLE_IDENTIFIER = "Apple.ImageXExamples--iOS-";
				PRODUCT_NAME = "$(TARGET_NAME)";
				SDKROOT = iphoneos;
				SUPPORTED_PLATFORMS = "iphoneos iphonesimulator";
				SUPPORTS_MACCATALYST = NO;
				SUPPORTS_MAC_DESIGNED_FOR_IPHONE_IPAD = NO;
				SWIFT_EMIT_LOC_STRINGS = YES;
				SWIFT_VERSION = 5.0;
				TARGETED_DEVICE_FAMILY = "1,2";
			};
			name = Debug;
		};
		87D15C842A6E7A9700BD655B /* Release */ = {
			isa = XCBuildConfiguration;
			baseConfigurationReference = 0F16BDB25D76EA8F60FF59AB /* Pods-ImageXExamples-ImageX (iOS).release.xcconfig */;
			buildSettings = {
				ASSETCATALOG_COMPILER_APPICON_NAME = AppIcon;
				ASSETCATALOG_COMPILER_GLOBAL_ACCENT_COLOR_NAME = AccentColor;
				CODE_SIGN_STYLE = Automatic;
				CURRENT_PROJECT_VERSION = 1;
				DEVELOPMENT_ASSET_PATHS = "\"ImageXExamples/Preview Content\"";
				DEVELOPMENT_TEAM = AAHMKJNWLX;
				ENABLE_PREVIEWS = YES;
				GENERATE_INFOPLIST_FILE = YES;
				INFOPLIST_FILE = "";
				INFOPLIST_KEY_UIApplicationSceneManifest_Generation = YES;
				INFOPLIST_KEY_UIApplicationSupportsIndirectInputEvents = YES;
				INFOPLIST_KEY_UILaunchScreen_Generation = YES;
				INFOPLIST_KEY_UISupportedInterfaceOrientations_iPad = "UIInterfaceOrientationPortrait UIInterfaceOrientationPortraitUpsideDown UIInterfaceOrientationLandscapeLeft UIInterfaceOrientationLandscapeRight";
				INFOPLIST_KEY_UISupportedInterfaceOrientations_iPhone = "UIInterfaceOrientationPortrait UIInterfaceOrientationLandscapeLeft UIInterfaceOrientationLandscapeRight";
				IPHONEOS_DEPLOYMENT_TARGET = 14.0;
				LD_RUNPATH_SEARCH_PATHS = (
					"$(inherited)",
					"@executable_path/Frameworks",
				);
				MARKETING_VERSION = 1.0;
				PRODUCT_BUNDLE_IDENTIFIER = "Apple.ImageXExamples--iOS-";
				PRODUCT_NAME = "$(TARGET_NAME)";
				SDKROOT = iphoneos;
				SUPPORTED_PLATFORMS = "iphoneos iphonesimulator";
				SUPPORTS_MACCATALYST = NO;
				SUPPORTS_MAC_DESIGNED_FOR_IPHONE_IPAD = NO;
				SWIFT_EMIT_LOC_STRINGS = YES;
				SWIFT_VERSION = 5.0;
				TARGETED_DEVICE_FAMILY = "1,2";
				VALIDATE_PRODUCT = YES;
			};
			name = Release;
		};
/* End XCBuildConfiguration section */

/* Begin XCConfigurationList section */
		87D15C5D2A6E782600BD655B /* Build configuration list for PBXProject "ImageXExamples" */ = {
			isa = XCConfigurationList;
			buildConfigurations = (
				87D15C6F2A6E782900BD655B /* Debug */,
				87D15C702A6E782900BD655B /* Release */,
			);
			defaultConfigurationIsVisible = 0;
			defaultConfigurationName = Release;
		};
		87D15C712A6E782900BD655B /* Build configuration list for PBXNativeTarget "ImageX (macOS)" */ = {
			isa = XCConfigurationList;
			buildConfigurations = (
				87D15C722A6E782900BD655B /* Debug */,
				87D15C732A6E782900BD655B /* Release */,
			);
			defaultConfigurationIsVisible = 0;
			defaultConfigurationName = Release;
		};
		87D15C852A6E7A9700BD655B /* Build configuration list for PBXNativeTarget "ImageX (iOS)" */ = {
			isa = XCConfigurationList;
			buildConfigurations = (
				87D15C832A6E7A9700BD655B /* Debug */,
				87D15C842A6E7A9700BD655B /* Release */,
			);
			defaultConfigurationIsVisible = 0;
			defaultConfigurationName = Release;
		};
/* End XCConfigurationList section */
	};
	rootObject = 87D15C5A2A6E782600BD655B /* Project object */;
}
